
Microsoft Visual Studio Solution File, Format Version 12.00
# Visual Studio 2013
VisualStudioVersion = 12.0.21005.1
MinimumVisualStudioVersion = 10.0.40219.1
Project("{FAE04EC0-301F-11D3-BF4B-00C04F79EFBC}") = "ProductDetails_OpenUrlRewriter", "ProductDetails_OpenUrlRewriter.csproj", "{8B2CBA4D-2ACA-47B5-BE47-3900F41A79CA}"
EndProject
Global
	GlobalSection(SolutionConfigurationPlatforms) = preSolution
		Debug|Any CPU = Debug|Any CPU
		Release|Any CPU = Release|Any CPU
	EndGlobalSection
	GlobalSection(ProjectConfigurationPlatforms) = postSolution
		{8B2CBA4D-2ACA-47B5-BE47-3900F41A79CA}.Debug|Any CPU.ActiveCfg = Debug|Any CPU
		{8B2CBA4D-2ACA-47B5-BE47-3900F41A79CA}.Debug|Any CPU.Build.0 = Debug|Any CPU
		{8B2CBA4D-2ACA-47B5-BE47-3900F41A79CA}.Release|Any CPU.ActiveCfg = Release|Any CPU
		{8B2CBA4D-2ACA-47B5-BE47-3900F41A79CA}.Release|Any CPU.Build.0 = Release|Any CPU
	EndGlobalSection
	GlobalSection(SolutionProperties) = preSolution
		HideSolutionNode = FALSE
	EndGlobalSection
EndGlobal
